
Microsoft Visual Studio Solution File, Format Version 12.00
# Visual Studio Version 17
VisualStudioVersion = 17.14.36121.58
MinimumVisualStudioVersion = 10.0.40219.1
Project("{FAE04EC0-301F-11D3-BF4B-00C04F79EFBC}") = "SystoQ.Api", "SystoQ.Api\SystoQ.Api.csproj", "{8BC692F2-47C1-4F47-8016-A72E1068FC8F}"
EndProject
Project("{FAE04EC0-301F-11D3-BF4B-00C04F79EFBC}") = "SystoQ.Application", "SystoQ.Application\SystoQ.Application.csproj", "{2EB3FDC2-2CE2-4129-94D2-2F60F8D334B9}"
EndProject
Project("{FAE04EC0-301F-11D3-BF4B-00C04F79EFBC}") = "SystoQ.Domain", "SystoQ.Domain\SystoQ.Domain.csproj", "{1A3D288F-9C22-480D-900A-DD717765AE86}"
EndProject
Project("{FAE04EC0-301F-11D3-BF4B-00C04F79EFBC}") = "SystoQ.Infrastructure", "SystoQ.Infrastructure\SystoQ.Infrastructure.csproj", "{BE99217A-9E88-490C-9B30-FF8683A4325E}"
EndProject
Project("{FAE04EC0-301F-11D3-BF4B-00C04F79EFBC}") = "SystoQ.Tests", "SystoQ.Tests\SystoQ.Tests.csproj", "{176DE4DB-3588-43B6-9443-FD3744037672}"
EndProject
Global
	GlobalSection(SolutionConfigurationPlatforms) = preSolution
		Debug|Any CPU = Debug|Any CPU
		Release|Any CPU = Release|Any CPU
	EndGlobalSection
	GlobalSection(ProjectConfigurationPlatforms) = postSolution
		{8BC692F2-47C1-4F47-8016-A72E1068FC8F}.Debug|Any CPU.ActiveCfg = Debug|Any CPU
		{8BC692F2-47C1-4F47-8016-A72E1068FC8F}.Debug|Any CPU.Build.0 = Debug|Any CPU
		{8BC692F2-47C1-4F47-8016-A72E1068FC8F}.Release|Any CPU.ActiveCfg = Release|Any CPU
		{8BC692F2-47C1-4F47-8016-A72E1068FC8F}.Release|Any CPU.Build.0 = Release|Any CPU
		{2EB3FDC2-2CE2-4129-94D2-2F60F8D334B9}.Debug|Any CPU.ActiveCfg = Debug|Any CPU
		{2EB3FDC2-2CE2-4129-94D2-2F60F8D334B9}.Debug|Any CPU.Build.0 = Debug|Any CPU
		{2EB3FDC2-2CE2-4129-94D2-2F60F8D334B9}.Release|Any CPU.ActiveCfg = Release|Any CPU
		{2EB3FDC2-2CE2-4129-94D2-2F60F8D334B9}.Release|Any CPU.Build.0 = Release|Any CPU
		{1A3D288F-9C22-480D-900A-DD717765AE86}.Debug|Any CPU.ActiveCfg = Debug|Any CPU
		{1A3D288F-9C22-480D-900A-DD717765AE86}.Debug|Any CPU.Build.0 = Debug|Any CPU
		{1A3D288F-9C22-480D-900A-DD717765AE86}.Release|Any CPU.ActiveCfg = Release|Any CPU
		{1A3D288F-9C22-480D-900A-DD717765AE86}.Release|Any CPU.Build.0 = Release|Any CPU
		{BE99217A-9E88-490C-9B30-FF8683A4325E}.Debug|Any CPU.ActiveCfg = Debug|Any CPU
		{BE99217A-9E88-490C-9B30-FF8683A4325E}.Debug|Any CPU.Build.0 = Debug|Any CPU
		{BE99217A-9E88-490C-9B30-FF8683A4325E}.Release|Any CPU.ActiveCfg = Release|Any CPU
		{BE99217A-9E88-490C-9B30-FF8683A4325E}.Release|Any CPU.Build.0 = Release|Any CPU
		{176DE4DB-3588-43B6-9443-FD3744037672}.Debug|Any CPU.ActiveCfg = Debug|Any CPU
		{176DE4DB-3588-43B6-9443-FD3744037672}.Debug|Any CPU.Build.0 = Debug|Any CPU
		{176DE4DB-3588-43B6-9443-FD3744037672}.Release|Any CPU.ActiveCfg = Release|Any CPU
		{176DE4DB-3588-43B6-9443-FD3744037672}.Release|Any CPU.Build.0 = Release|Any CPU
	EndGlobalSection
	GlobalSection(SolutionProperties) = preSolution
		HideSolutionNode = FALSE
	EndGlobalSection
	GlobalSection(ExtensibilityGlobals) = postSolution
		SolutionGuid = {F58D67FC-ED29-4728-8D32-AF451E4238BE}
	EndGlobalSection
EndGlobal
